
Microsoft Visual Studio Solution File, Format Version 12.00
# Visual Studio Version 17
VisualStudioVersion = 17.2.32616.157
MinimumVisualStudioVersion = 10.0.40219.1
Project("{2150E333-8FDC-42A3-9474-1A3956D46DE8}") = "Documents", "Documents", "{56973684-038B-4800-8E9F-1DBC58635501}"
	ProjectSection(SolutionItems) = preProject
		C:\Users\HP\Desktop\AA.txt = C:\Users\HP\Desktop\AA.txt
	EndProjectSection
EndProject
Project("{2150E333-8FDC-42A3-9474-1A3956D46DE8}") = "Src", "Src", "{C69EC0E0-C05E-4CD2-8610-805288E4B427}"
	ProjectSection(SolutionItems) = preProject
		C:\Users\HP\Desktop\AA.txt = C:\Users\HP\Desktop\AA.txt
	EndProjectSection
EndProject
Project("{2150E333-8FDC-42A3-9474-1A3956D46DE8}") = "Test", "Test", "{D16A39F5-D401-46A2-A9E2-D27DEE503734}"
	ProjectSection(SolutionItems) = preProject
		C:\Users\HP\Desktop\AA.txt = C:\Users\HP\Desktop\AA.txt
	EndProjectSection
EndProject
Project("{9A19103F-16F7-4668-BE54-9A1E7A4F7556}") = "OnlineShop.Domain", "OnlineShop.Domain\OnlineShop.Domain.csproj", "{AE4B3254-956A-44EB-80F1-DDC4A86B4498}"
EndProject
Project("{9A19103F-16F7-4668-BE54-9A1E7A4F7556}") = "OnlineShop.Common", "OnlineShop.Common\OnlineShop.Common.csproj", "{18B86144-F81E-46CC-B7DF-AE3EA3455051}"
EndProject
Project("{9A19103F-16F7-4668-BE54-9A1E7A4F7556}") = "OnlineShop.Persistence", "OnlineShop.Persistenc\OnlineShop.Persistence.csproj", "{26E9B75E-D277-4675-95AA-BAE740204258}"
EndProject
Project("{9A19103F-16F7-4668-BE54-9A1E7A4F7556}") = "OnlineShop.Application", "OnlineShop.Application\OnlineShop.Application.csproj", "{E488F130-1578-41C1-BC17-40A00E204AD3}"
EndProject
Project("{9A19103F-16F7-4668-BE54-9A1E7A4F7556}") = "OnlineShop.Api", "OnlineShop.Api\OnlineShop.Api.csproj", "{FC4CA17E-69ED-4686-806E-BC5C417FE3AB}"
EndProject
Project("{2150E333-8FDC-42A3-9474-1A3956D46DE8}") = "Education", "Education", "{BA5AD8DD-B8BD-496B-983E-20907E8BE547}"
	ProjectSection(SolutionItems) = preProject
		C:\Users\HP\Desktop\AA.txt = C:\Users\HP\Desktop\AA.txt
	EndProjectSection
EndProject
Project("{9A19103F-16F7-4668-BE54-9A1E7A4F7556}") = "ZarinPal_Saman_PatternAdaptore", "ZarinPal_Saman_PatternAdaptore\ZarinPal_Saman_PatternAdaptore.csproj", "{DE4BC30D-11B0-4317-93D9-D2B2C47A460C}"
EndProject
Project("{9A19103F-16F7-4668-BE54-9A1E7A4F7556}") = "SpeedMeasurement_Benchmark", "SpeedMeasurement_Benchmark\SpeedMeasurement_Benchmark.csproj", "{E75BA81B-B665-4F91-B1FE-B981162B930E}"
EndProject
Project("{9A19103F-16F7-4668-BE54-9A1E7A4F7556}") = "SignalR_App", "SignalR_App\SignalR_App.csproj", "{87CE6CB5-B5E5-4F81-B968-7DEDE18B9898}"
EndProject
Project("{9A19103F-16F7-4668-BE54-9A1E7A4F7556}") = "HashingWithSalt_App", "HashingWithSalt_App\HashingWithSalt_App.csproj", "{E76F8C75-B3C9-4D73-8D1A-D8DD552E5422}"
EndProject
Project("{9A19103F-16F7-4668-BE54-9A1E7A4F7556}") = "HttpClientAndHttpClientFactory_App", "HttpClientAndHttpClientFactory_App\HttpClientAndHttpClientFactory_App.csproj", "{0DA9214A-D84F-4C15-AB1D-ACC67B0E60D8}"
EndProject
Project("{9A19103F-16F7-4668-BE54-9A1E7A4F7556}") = "RabitmqDirectExchange_SendRecive_App", "RabitmqDirectExchange_SendRecive_App\RabitmqDirectExchange_SendRecive_App.csproj", "{D5A7C037-278C-4A60-AF13-2F7B12D978F5}"
EndProject
Project("{9A19103F-16F7-4668-BE54-9A1E7A4F7556}") = "RabitmqFanoutExchange_SendRecive_App", "RabitmqFanoutExchange_SendRecive_App\RabitmqFanoutExchange_SendRecive_App.csproj", "{A718D9FE-CB8F-4C17-ADE1-81CD4C3D6D97}"
EndProject
Project("{9A19103F-16F7-4668-BE54-9A1E7A4F7556}") = "RabitmqTopicExchange_SendRecive_App", "RabitmqTopicExchange_SendRecive_App\RabitmqTopicExchange_SendRecive_App.csproj", "{2561EDE4-2038-4D03-AFE6-6A0D116B7A13}"
EndProject
Project("{9A19103F-16F7-4668-BE54-9A1E7A4F7556}") = "RabitmqHeaderExchange_SendRecive_App", "RabitmqHeaderExchange_SendRecive_App\RabitmqHeaderExchange_SendRecive_App.csproj", "{05122F4B-6467-4A19-8939-C6F21AA46B41}"
EndProject
Project("{9A19103F-16F7-4668-BE54-9A1E7A4F7556}") = "OnlineShop.Api_UnitTest", "OnlineShop.Api_UnitTest\OnlineShop.Api_UnitTest.csproj", "{EA0FB492-19C9-4A9B-BD59-57C5EDA260E3}"
EndProject
Project("{9A19103F-16F7-4668-BE54-9A1E7A4F7556}") = "OnlineShop.Api_ComponentOrServiceTest", "OnlineShop.Api_ComponentOrServiceTest\OnlineShop.Api_ComponentOrServiceTest.csproj", "{667CB52D-5B06-4651-A4B7-188D4660D66A}"
EndProject
Project("{9A19103F-16F7-4668-BE54-9A1E7A4F7556}") = "OnlineShop.Api_IntegrationTest", "OnlineShop.Api_IntegrationTest\OnlineShop.Api_IntegrationTest.csproj", "{6F474172-41FA-4955-B385-64D27C74D58F}"
EndProject
Project("{2150E333-8FDC-42A3-9474-1A3956D46DE8}") = "TestForBetweenTwoServiceApplication", "TestForBetweenTwoServiceApplication", "{E63AE258-EF00-4894-ACD5-6A6B2CCE16F8}"
	ProjectSection(SolutionItems) = preProject
		C:\Users\HP\Desktop\AA.txt = C:\Users\HP\Desktop\AA.txt
	EndProjectSection
EndProject
Project("{9A19103F-16F7-4668-BE54-9A1E7A4F7556}") = "ProductAppProvider", "ProductAppProvider\ProductAppProvider.csproj", "{87F4BEB6-F906-4D1E-AB9B-B7E197BCA3D9}"
EndProject
Project("{9A19103F-16F7-4668-BE54-9A1E7A4F7556}") = "OrderAppConsumer", "OrderAppConsumer\OrderAppConsumer.csproj", "{187DEEB2-B89B-4D7F-BD26-B69E9C136F2B}"
EndProject
Project("{9A19103F-16F7-4668-BE54-9A1E7A4F7556}") = "OrderAppConsumerTest_BetweenTwoProject", "OrderAppConsumerTest_BetweenTwoProject\OrderAppConsumerTest_BetweenTwoProject.csproj", "{6C505C65-40A4-4EBD-953B-2E9B133B6CA3}"
EndProject
Project("{9A19103F-16F7-4668-BE54-9A1E7A4F7556}") = "WebSocket_Server_App", "WebSocket_Server_App\WebSocket_Server_App.csproj", "{98AA7FBE-FB63-4BE9-82F5-38E1B1295D67}"
EndProject
Project("{9A19103F-16F7-4668-BE54-9A1E7A4F7556}") = "WebSocket_Client_App", "WebSocket_Client_App\WebSocket_Client_App.csproj", "{2AE2EC98-3DC0-4A9F-A624-A83E8AC284BA}"
EndProject
Project("{9A19103F-16F7-4668-BE54-9A1E7A4F7556}") = "Docker_App", "Docker_App\Docker_App.csproj", "{0196CC82-E3A4-4D00-9664-14550D57591C}"
EndProject
Project("{9A19103F-16F7-4668-BE54-9A1E7A4F7556}") = "HangFire_backgroundService_App", "HangFire_backgroundService_App\HangFire_backgroundService_App.csproj", "{190FAE23-B7C0-4C08-958F-D2E45CCE5142}"
EndProject
Project("{9A19103F-16F7-4668-BE54-9A1E7A4F7556}") = "ApiVersioning_App", "ApiVersioning_App\ApiVersioning_App.csproj", "{DB0D3AF8-E985-436D-8D92-7C4751CA6AFB}"
EndProject
Project("{9A19103F-16F7-4668-BE54-9A1E7A4F7556}") = "SignalR_Server_App", "SignalR_Server_App\SignalR_Server_App.csproj", "{3D47A234-B695-4D87-A9DB-8E2DB7D998FB}"
EndProject
Project("{9A19103F-16F7-4668-BE54-9A1E7A4F7556}") = "SignalR_Client_App", "SignalR_Client_App\SignalR_Client_App.csproj", "{36C06244-9476-446C-B90F-F2BB1F729B72}"
EndProject
Project("{9A19103F-16F7-4668-BE54-9A1E7A4F7556}") = "Rabitmq_MassTransit_AppOne", "Rabitmq_MassTransit_AppOne\Rabitmq_MassTransit_AppOne.csproj", "{C18D5ED0-3CBB-4E45-9EBA-C464CDA09372}"
EndProject
Project("{9A19103F-16F7-4668-BE54-9A1E7A4F7556}") = "Rabitmq_MassTransit_AppTwo_WorkerService_Project", "Rabitmq_MassTransit_AppTwo_WorkerService_Project\Rabitmq_MassTransit_AppTwo_WorkerService_Project.csproj", "{949F91B6-1DB3-4FFC-8561-5DB305DABAFB}"
EndProject
Project("{9A19103F-16F7-4668-BE54-9A1E7A4F7556}") = "SeriLog_App", "SeriLog_App\SeriLog_App.csproj", "{BEDEAEE0-3E37-4284-9B9D-A71049A20C5A}"
EndProject
Project("{9A19103F-16F7-4668-BE54-9A1E7A4F7556}") = "Dapper_App", "Dapper_App\Dapper_App.csproj", "{9C452740-39DD-46BE-8A49-D51B600119FA}"
EndProject
Project("{9A19103F-16F7-4668-BE54-9A1E7A4F7556}") = "HangFire_App", "HangFire_App\HangFire_App.csproj", "{AB67CF2F-2161-4ADA-A17C-C60E2018D937}"
EndProject
Project("{9A19103F-16F7-4668-BE54-9A1E7A4F7556}") = "RateLimiting_App", "RateLimiting_App\RateLimiting_App.csproj", "{8C819CB6-966D-4FE2-8201-4444056CECDB}"
EndProject
Project("{2150E333-8FDC-42A3-9474-1A3956D46DE8}") = "Important", "Important", "{A0FFCDAB-FBB5-4D3D-8554-DBB52ED202BE}"
	ProjectSection(SolutionItems) = preProject
		C:\Users\HP\Desktop\اجرا کردن داینامیک متدهای یک کلاس.txt = C:\Users\HP\Desktop\اجرا کردن داینامیک متدهای یک کلاس.txt
		C:\Users\HP\Desktop\بدست آوردن نوع -- (نام رشته ای از کلاس).txt = C:\Users\HP\Desktop\بدست آوردن نوع -- (نام رشته ای از کلاس).txt
		C:\Users\HP\Desktop\تعریف کلید اصلی.txt = C:\Users\HP\Desktop\تعریف کلید اصلی.txt
		C:\Users\HP\Desktop\پیدا کردن namespace یک کلاس.txt = C:\Users\HP\Desktop\پیدا کردن namespace یک کلاس.txt
	EndProjectSection
EndProject
Project("{9A19103F-16F7-4668-BE54-9A1E7A4F7556}") = "Execute_Dynamic_ActionService", "Execute_Dynamic_ActionService\Execute_Dynamic_ActionService.csproj", "{8F0DED44-5E00-499F-B093-CFD0EC7EAFB8}"
EndProject
Project("{9A19103F-16F7-4668-BE54-9A1E7A4F7556}") = "Grpc_Server_App", "Grpc_Server_App\Grpc_Server_App.csproj", "{C034D1FB-C14B-435A-A6A3-BF7C9A5F2C2B}"
EndProject
Project("{9A19103F-16F7-4668-BE54-9A1E7A4F7556}") = "Grpc_Client_App", "Grpc_Client_App\Grpc_Client_App.csproj", "{4BC8C560-10E9-4EC5-A5B7-0BC485F07453}"
EndProject
Project("{FAE04EC0-301F-11D3-BF4B-00C04F79EFBC}") = "WCF_Server_App", "WCF_Server_App\WCF_Server_App.csproj", "{20C5719F-00E1-4014-BE5D-BC27A61D054E}"
EndProject
Project("{FAE04EC0-301F-11D3-BF4B-00C04F79EFBC}") = "WCF_Client_App", "WCF_Client_App\WCF_Client_App.csproj", "{5C021D6F-87B1-426A-BA9F-BF0D5194E810}"
EndProject
Project("{FAE04EC0-301F-11D3-BF4B-00C04F79EFBC}") = "MultiThreading_App", "MultiThreading_App\MultiThreading_App.csproj", "{E22E25E4-E3A1-4BFE-83C9-0939C1F60860}"
EndProject
Project("{FAE04EC0-301F-11D3-BF4B-00C04F79EFBC}") = "Delegate_App", "Delegate_App\Delegate_App.csproj", "{327966FD-859A-46AB-A37E-025EFBF31F49}"
EndProject
Project("{9A19103F-16F7-4668-BE54-9A1E7A4F7556}") = "QraphQl_App", "QraphQl\QraphQl_App.csproj", "{489335D0-1829-4D88-A64B-5A3808C3A019}"
EndProject
Project("{FAE04EC0-301F-11D3-BF4B-00C04F79EFBC}") = "ClassPropGetSet", "ClassPropGetSet\ClassPropGetSet.csproj", "{BE8BDEA0-5D8A-4637-918D-8CE8C8B8F546}"
EndProject
Project("{FAE04EC0-301F-11D3-BF4B-00C04F79EFBC}") = "AccessModifierPublicPrivate", "AccessModifierPublicPrivate\AccessModifierPublicPrivate.csproj", "{5F3281B1-048E-4634-BBEF-C1CB25E96E90}"
EndProject
Project("{FAE04EC0-301F-11D3-BF4B-00C04F79EFBC}") = "CodeSnippet_App", "CodeSnippet_App\CodeSnippet_App.csproj", "{5F018C3A-8F1B-4043-B043-02E62D1C1B2B}"
EndProject
Project("{FAE04EC0-301F-11D3-BF4B-00C04F79EFBC}") = "Ref_Word_App", "Ref_Word_App\Ref_Word_App.csproj", "{ECCD3D08-977A-4C24-A6E3-B862991FFF47}"
EndProject
Project("{9A19103F-16F7-4668-BE54-9A1E7A4F7556}") = "FileAndFolder_App", "FileAndFolder_App\FileAndFolder_App.csproj", "{BF3ECA2E-7B24-45E1-9074-F8C1D097C1D8}"
EndProject
Project("{FAE04EC0-301F-11D3-BF4B-00C04F79EFBC}") = "AbstractClass", "AbstractClass\AbstractClass.csproj", "{EDEA7F3F-4162-4E98-B32F-C551FC03B958}"
EndProject
Project("{9A19103F-16F7-4668-BE54-9A1E7A4F7556}") = "HealthChecks_App", "HealthChecks_App\HealthChecks_App.csproj", "{528C50BB-BC65-4896-8D92-621558FCAA71}"
EndProject
Project("{FAE04EC0-301F-11D3-BF4B-00C04F79EFBC}") = "ErrorHandling_TryCatch_App", "ErrorHandling_TryCatch_App\ErrorHandling_TryCatch_App.csproj", "{330DED38-272A-4D83-9C6F-0F5FC4DB5A82}"
EndProject
Project("{FAE04EC0-301F-11D3-BF4B-00C04F79EFBC}") = "WpfOnelineShop", "WpfOnelineShop\WpfOnelineShop.csproj", "{FB0B98F5-A3F1-48CA-B12D-32A22CEA14B5}"
EndProject
Global
	GlobalSection(SolutionConfigurationPlatforms) = preSolution
		Debug|Any CPU = Debug|Any CPU
		Release|Any CPU = Release|Any CPU
	EndGlobalSection
	GlobalSection(ProjectConfigurationPlatforms) = postSolution
		{AE4B3254-956A-44EB-80F1-DDC4A86B4498}.Debug|Any CPU.ActiveCfg = Debug|Any CPU
		{AE4B3254-956A-44EB-80F1-DDC4A86B4498}.Debug|Any CPU.Build.0 = Debug|Any CPU
		{AE4B3254-956A-44EB-80F1-DDC4A86B4498}.Release|Any CPU.ActiveCfg = Release|Any CPU
		{AE4B3254-956A-44EB-80F1-DDC4A86B4498}.Release|Any CPU.Build.0 = Release|Any CPU
		{18B86144-F81E-46CC-B7DF-AE3EA3455051}.Debug|Any CPU.ActiveCfg = Debug|Any CPU
		{18B86144-F81E-46CC-B7DF-AE3EA3455051}.Debug|Any CPU.Build.0 = Debug|Any CPU
		{18B86144-F81E-46CC-B7DF-AE3EA3455051}.Release|Any CPU.ActiveCfg = Release|Any CPU
		{18B86144-F81E-46CC-B7DF-AE3EA3455051}.Release|Any CPU.Build.0 = Release|Any CPU
		{26E9B75E-D277-4675-95AA-BAE740204258}.Debug|Any CPU.ActiveCfg = Debug|Any CPU
		{26E9B75E-D277-4675-95AA-BAE740204258}.Debug|Any CPU.Build.0 = Debug|Any CPU
		{26E9B75E-D277-4675-95AA-BAE740204258}.Release|Any CPU.ActiveCfg = Release|Any CPU
		{26E9B75E-D277-4675-95AA-BAE740204258}.Release|Any CPU.Build.0 = Release|Any CPU
		{E488F130-1578-41C1-BC17-40A00E204AD3}.Debug|Any CPU.ActiveCfg = Debug|Any CPU
		{E488F130-1578-41C1-BC17-40A00E204AD3}.Debug|Any CPU.Build.0 = Debug|Any CPU
		{E488F130-1578-41C1-BC17-40A00E204AD3}.Release|Any CPU.ActiveCfg = Release|Any CPU
		{E488F130-1578-41C1-BC17-40A00E204AD3}.Release|Any CPU.Build.0 = Release|Any CPU
		{FC4CA17E-69ED-4686-806E-BC5C417FE3AB}.Debug|Any CPU.ActiveCfg = Debug|Any CPU
		{FC4CA17E-69ED-4686-806E-BC5C417FE3AB}.Debug|Any CPU.Build.0 = Debug|Any CPU
		{FC4CA17E-69ED-4686-806E-BC5C417FE3AB}.Release|Any CPU.ActiveCfg = Release|Any CPU
		{FC4CA17E-69ED-4686-806E-BC5C417FE3AB}.Release|Any CPU.Build.0 = Release|Any CPU
		{DE4BC30D-11B0-4317-93D9-D2B2C47A460C}.Debug|Any CPU.ActiveCfg = Debug|Any CPU
		{DE4BC30D-11B0-4317-93D9-D2B2C47A460C}.Debug|Any CPU.Build.0 = Debug|Any CPU
		{DE4BC30D-11B0-4317-93D9-D2B2C47A460C}.Release|Any CPU.ActiveCfg = Release|Any CPU
		{DE4BC30D-11B0-4317-93D9-D2B2C47A460C}.Release|Any CPU.Build.0 = Release|Any CPU
		{E75BA81B-B665-4F91-B1FE-B981162B930E}.Debug|Any CPU.ActiveCfg = Debug|Any CPU
		{E75BA81B-B665-4F91-B1FE-B981162B930E}.Debug|Any CPU.Build.0 = Debug|Any CPU
		{E75BA81B-B665-4F91-B1FE-B981162B930E}.Release|Any CPU.ActiveCfg = Release|Any CPU
		{E75BA81B-B665-4F91-B1FE-B981162B930E}.Release|Any CPU.Build.0 = Release|Any CPU
		{87CE6CB5-B5E5-4F81-B968-7DEDE18B9898}.Debug|Any CPU.ActiveCfg = Debug|Any CPU
		{87CE6CB5-B5E5-4F81-B968-7DEDE18B9898}.Debug|Any CPU.Build.0 = Debug|Any CPU
		{87CE6CB5-B5E5-4F81-B968-7DEDE18B9898}.Release|Any CPU.ActiveCfg = Release|Any CPU
		{87CE6CB5-B5E5-4F81-B968-7DEDE18B9898}.Release|Any CPU.Build.0 = Release|Any CPU
		{E76F8C75-B3C9-4D73-8D1A-D8DD552E5422}.Debug|Any CPU.ActiveCfg = Debug|Any CPU
		{E76F8C75-B3C9-4D73-8D1A-D8DD552E5422}.Debug|Any CPU.Build.0 = Debug|Any CPU
		{E76F8C75-B3C9-4D73-8D1A-D8DD552E5422}.Release|Any CPU.ActiveCfg = Release|Any CPU
		{E76F8C75-B3C9-4D73-8D1A-D8DD552E5422}.Release|Any CPU.Build.0 = Release|Any CPU
		{0DA9214A-D84F-4C15-AB1D-ACC67B0E60D8}.Debug|Any CPU.ActiveCfg = Debug|Any CPU
		{0DA9214A-D84F-4C15-AB1D-ACC67B0E60D8}.Debug|Any CPU.Build.0 = Debug|Any CPU
		{0DA9214A-D84F-4C15-AB1D-ACC67B0E60D8}.Release|Any CPU.ActiveCfg = Release|Any CPU
		{0DA9214A-D84F-4C15-AB1D-ACC67B0E60D8}.Release|Any CPU.Build.0 = Release|Any CPU
		{D5A7C037-278C-4A60-AF13-2F7B12D978F5}.Debug|Any CPU.ActiveCfg = Debug|Any CPU
		{D5A7C037-278C-4A60-AF13-2F7B12D978F5}.Debug|Any CPU.Build.0 = Debug|Any CPU
		{D5A7C037-278C-4A60-AF13-2F7B12D978F5}.Release|Any CPU.ActiveCfg = Release|Any CPU
		{D5A7C037-278C-4A60-AF13-2F7B12D978F5}.Release|Any CPU.Build.0 = Release|Any CPU
		{A718D9FE-CB8F-4C17-ADE1-81CD4C3D6D97}.Debug|Any CPU.ActiveCfg = Debug|Any CPU
		{A718D9FE-CB8F-4C17-ADE1-81CD4C3D6D97}.Debug|Any CPU.Build.0 = Debug|Any CPU
		{A718D9FE-CB8F-4C17-ADE1-81CD4C3D6D97}.Release|Any CPU.ActiveCfg = Release|Any CPU
		{A718D9FE-CB8F-4C17-ADE1-81CD4C3D6D97}.Release|Any CPU.Build.0 = Release|Any CPU
		{2561EDE4-2038-4D03-AFE6-6A0D116B7A13}.Debug|Any CPU.ActiveCfg = Debug|Any CPU
		{2561EDE4-2038-4D03-AFE6-6A0D116B7A13}.Debug|Any CPU.Build.0 = Debug|Any CPU
		{2561EDE4-2038-4D03-AFE6-6A0D116B7A13}.Release|Any CPU.ActiveCfg = Release|Any CPU
		{2561EDE4-2038-4D03-AFE6-6A0D116B7A13}.Release|Any CPU.Build.0 = Release|Any CPU
		{05122F4B-6467-4A19-8939-C6F21AA46B41}.Debug|Any CPU.ActiveCfg = Debug|Any CPU
		{05122F4B-6467-4A19-8939-C6F21AA46B41}.Debug|Any CPU.Build.0 = Debug|Any CPU
		{05122F4B-6467-4A19-8939-C6F21AA46B41}.Release|Any CPU.ActiveCfg = Release|Any CPU
		{05122F4B-6467-4A19-8939-C6F21AA46B41}.Release|Any CPU.Build.0 = Release|Any CPU
		{EA0FB492-19C9-4A9B-BD59-57C5EDA260E3}.Debug|Any CPU.ActiveCfg = Debug|Any CPU
		{EA0FB492-19C9-4A9B-BD59-57C5EDA260E3}.Debug|Any CPU.Build.0 = Debug|Any CPU
		{EA0FB492-19C9-4A9B-BD59-57C5EDA260E3}.Release|Any CPU.ActiveCfg = Release|Any CPU
		{EA0FB492-19C9-4A9B-BD59-57C5EDA260E3}.Release|Any CPU.Build.0 = Release|Any CPU
		{667CB52D-5B06-4651-A4B7-188D4660D66A}.Debug|Any CPU.ActiveCfg = Debug|Any CPU
		{667CB52D-5B06-4651-A4B7-188D4660D66A}.Debug|Any CPU.Build.0 = Debug|Any CPU
		{667CB52D-5B06-4651-A4B7-188D4660D66A}.Release|Any CPU.ActiveCfg = Release|Any CPU
		{667CB52D-5B06-4651-A4B7-188D4660D66A}.Release|Any CPU.Build.0 = Release|Any CPU
		{6F474172-41FA-4955-B385-64D27C74D58F}.Debug|Any CPU.ActiveCfg = Debug|Any CPU
		{6F474172-41FA-4955-B385-64D27C74D58F}.Debug|Any CPU.Build.0 = Debug|Any CPU
		{6F474172-41FA-4955-B385-64D27C74D58F}.Release|Any CPU.ActiveCfg = Release|Any CPU
		{6F474172-41FA-4955-B385-64D27C74D58F}.Release|Any CPU.Build.0 = Release|Any CPU
		{87F4BEB6-F906-4D1E-AB9B-B7E197BCA3D9}.Debug|Any CPU.ActiveCfg = Debug|Any CPU
		{87F4BEB6-F906-4D1E-AB9B-B7E197BCA3D9}.Debug|Any CPU.Build.0 = Debug|Any CPU
		{87F4BEB6-F906-4D1E-AB9B-B7E197BCA3D9}.Release|Any CPU.ActiveCfg = Release|Any CPU
		{87F4BEB6-F906-4D1E-AB9B-B7E197BCA3D9}.Release|Any CPU.Build.0 = Release|Any CPU
		{187DEEB2-B89B-4D7F-BD26-B69E9C136F2B}.Debug|Any CPU.ActiveCfg = Debug|Any CPU
		{187DEEB2-B89B-4D7F-BD26-B69E9C136F2B}.Debug|Any CPU.Build.0 = Debug|Any CPU
		{187DEEB2-B89B-4D7F-BD26-B69E9C136F2B}.Release|Any CPU.ActiveCfg = Release|Any CPU
		{187DEEB2-B89B-4D7F-BD26-B69E9C136F2B}.Release|Any CPU.Build.0 = Release|Any CPU
		{6C505C65-40A4-4EBD-953B-2E9B133B6CA3}.Debug|Any CPU.ActiveCfg = Debug|Any CPU
		{6C505C65-40A4-4EBD-953B-2E9B133B6CA3}.Debug|Any CPU.Build.0 = Debug|Any CPU
		{6C505C65-40A4-4EBD-953B-2E9B133B6CA3}.Release|Any CPU.ActiveCfg = Release|Any CPU
		{6C505C65-40A4-4EBD-953B-2E9B133B6CA3}.Release|Any CPU.Build.0 = Release|Any CPU
		{98AA7FBE-FB63-4BE9-82F5-38E1B1295D67}.Debug|Any CPU.ActiveCfg = Debug|Any CPU
		{98AA7FBE-FB63-4BE9-82F5-38E1B1295D67}.Debug|Any CPU.Build.0 = Debug|Any CPU
		{98AA7FBE-FB63-4BE9-82F5-38E1B1295D67}.Release|Any CPU.ActiveCfg = Release|Any CPU
		{98AA7FBE-FB63-4BE9-82F5-38E1B1295D67}.Release|Any CPU.Build.0 = Release|Any CPU
		{2AE2EC98-3DC0-4A9F-A624-A83E8AC284BA}.Debug|Any CPU.ActiveCfg = Debug|Any CPU
		{2AE2EC98-3DC0-4A9F-A624-A83E8AC284BA}.Debug|Any CPU.Build.0 = Debug|Any CPU
		{2AE2EC98-3DC0-4A9F-A624-A83E8AC284BA}.Release|Any CPU.ActiveCfg = Release|Any CPU
		{2AE2EC98-3DC0-4A9F-A624-A83E8AC284BA}.Release|Any CPU.Build.0 = Release|Any CPU
		{0196CC82-E3A4-4D00-9664-14550D57591C}.Debug|Any CPU.ActiveCfg = Debug|Any CPU
		{0196CC82-E3A4-4D00-9664-14550D57591C}.Debug|Any CPU.Build.0 = Debug|Any CPU
		{0196CC82-E3A4-4D00-9664-14550D57591C}.Release|Any CPU.ActiveCfg = Release|Any CPU
		{0196CC82-E3A4-4D00-9664-14550D57591C}.Release|Any CPU.Build.0 = Release|Any CPU
		{190FAE23-B7C0-4C08-958F-D2E45CCE5142}.Debug|Any CPU.ActiveCfg = Debug|Any CPU
		{190FAE23-B7C0-4C08-958F-D2E45CCE5142}.Debug|Any CPU.Build.0 = Debug|Any CPU
		{190FAE23-B7C0-4C08-958F-D2E45CCE5142}.Release|Any CPU.ActiveCfg = Release|Any CPU
		{190FAE23-B7C0-4C08-958F-D2E45CCE5142}.Release|Any CPU.Build.0 = Release|Any CPU
		{DB0D3AF8-E985-436D-8D92-7C4751CA6AFB}.Debug|Any CPU.ActiveCfg = Debug|Any CPU
		{DB0D3AF8-E985-436D-8D92-7C4751CA6AFB}.Debug|Any CPU.Build.0 = Debug|Any CPU
		{DB0D3AF8-E985-436D-8D92-7C4751CA6AFB}.Release|Any CPU.ActiveCfg = Release|Any CPU
		{DB0D3AF8-E985-436D-8D92-7C4751CA6AFB}.Release|Any CPU.Build.0 = Release|Any CPU
		{3D47A234-B695-4D87-A9DB-8E2DB7D998FB}.Debug|Any CPU.ActiveCfg = Debug|Any CPU
		{3D47A234-B695-4D87-A9DB-8E2DB7D998FB}.Debug|Any CPU.Build.0 = Debug|Any CPU
		{3D47A234-B695-4D87-A9DB-8E2DB7D998FB}.Release|Any CPU.ActiveCfg = Release|Any CPU
		{3D47A234-B695-4D87-A9DB-8E2DB7D998FB}.Release|Any CPU.Build.0 = Release|Any CPU
		{36C06244-9476-446C-B90F-F2BB1F729B72}.Debug|Any CPU.ActiveCfg = Debug|Any CPU
		{36C06244-9476-446C-B90F-F2BB1F729B72}.Debug|Any CPU.Build.0 = Debug|Any CPU
		{36C06244-9476-446C-B90F-F2BB1F729B72}.Release|Any CPU.ActiveCfg = Release|Any CPU
		{36C06244-9476-446C-B90F-F2BB1F729B72}.Release|Any CPU.Build.0 = Release|Any CPU
		{C18D5ED0-3CBB-4E45-9EBA-C464CDA09372}.Debug|Any CPU.ActiveCfg = Debug|Any CPU
		{C18D5ED0-3CBB-4E45-9EBA-C464CDA09372}.Debug|Any CPU.Build.0 = Debug|Any CPU
		{C18D5ED0-3CBB-4E45-9EBA-C464CDA09372}.Release|Any CPU.ActiveCfg = Release|Any CPU
		{C18D5ED0-3CBB-4E45-9EBA-C464CDA09372}.Release|Any CPU.Build.0 = Release|Any CPU
		{949F91B6-1DB3-4FFC-8561-5DB305DABAFB}.Debug|Any CPU.ActiveCfg = Debug|Any CPU
		{949F91B6-1DB3-4FFC-8561-5DB305DABAFB}.Debug|Any CPU.Build.0 = Debug|Any CPU
		{949F91B6-1DB3-4FFC-8561-5DB305DABAFB}.Release|Any CPU.ActiveCfg = Release|Any CPU
		{949F91B6-1DB3-4FFC-8561-5DB305DABAFB}.Release|Any CPU.Build.0 = Release|Any CPU
		{BEDEAEE0-3E37-4284-9B9D-A71049A20C5A}.Debug|Any CPU.ActiveCfg = Debug|Any CPU
		{BEDEAEE0-3E37-4284-9B9D-A71049A20C5A}.Debug|Any CPU.Build.0 = Debug|Any CPU
		{BEDEAEE0-3E37-4284-9B9D-A71049A20C5A}.Release|Any CPU.ActiveCfg = Release|Any CPU
		{BEDEAEE0-3E37-4284-9B9D-A71049A20C5A}.Release|Any CPU.Build.0 = Release|Any CPU
		{9C452740-39DD-46BE-8A49-D51B600119FA}.Debug|Any CPU.ActiveCfg = Debug|Any CPU
		{9C452740-39DD-46BE-8A49-D51B600119FA}.Debug|Any CPU.Build.0 = Debug|Any CPU
		{9C452740-39DD-46BE-8A49-D51B600119FA}.Release|Any CPU.ActiveCfg = Release|Any CPU
		{9C452740-39DD-46BE-8A49-D51B600119FA}.Release|Any CPU.Build.0 = Release|Any CPU
		{AB67CF2F-2161-4ADA-A17C-C60E2018D937}.Debug|Any CPU.ActiveCfg = Debug|Any CPU
		{AB67CF2F-2161-4ADA-A17C-C60E2018D937}.Debug|Any CPU.Build.0 = Debug|Any CPU
		{AB67CF2F-2161-4ADA-A17C-C60E2018D937}.Release|Any CPU.ActiveCfg = Release|Any CPU
		{AB67CF2F-2161-4ADA-A17C-C60E2018D937}.Release|Any CPU.Build.0 = Release|Any CPU
		{8C819CB6-966D-4FE2-8201-4444056CECDB}.Debug|Any CPU.ActiveCfg = Debug|Any CPU
		{8C819CB6-966D-4FE2-8201-4444056CECDB}.Debug|Any CPU.Build.0 = Debug|Any CPU
		{8C819CB6-966D-4FE2-8201-4444056CECDB}.Release|Any CPU.ActiveCfg = Release|Any CPU
		{8C819CB6-966D-4FE2-8201-4444056CECDB}.Release|Any CPU.Build.0 = Release|Any CPU
		{8F0DED44-5E00-499F-B093-CFD0EC7EAFB8}.Debug|Any CPU.ActiveCfg = Debug|Any CPU
		{8F0DED44-5E00-499F-B093-CFD0EC7EAFB8}.Debug|Any CPU.Build.0 = Debug|Any CPU
		{8F0DED44-5E00-499F-B093-CFD0EC7EAFB8}.Release|Any CPU.ActiveCfg = Release|Any CPU
		{8F0DED44-5E00-499F-B093-CFD0EC7EAFB8}.Release|Any CPU.Build.0 = Release|Any CPU
		{C034D1FB-C14B-435A-A6A3-BF7C9A5F2C2B}.Debug|Any CPU.ActiveCfg = Debug|Any CPU
		{C034D1FB-C14B-435A-A6A3-BF7C9A5F2C2B}.Debug|Any CPU.Build.0 = Debug|Any CPU
		{C034D1FB-C14B-435A-A6A3-BF7C9A5F2C2B}.Release|Any CPU.ActiveCfg = Release|Any CPU
		{C034D1FB-C14B-435A-A6A3-BF7C9A5F2C2B}.Release|Any CPU.Build.0 = Release|Any CPU
		{4BC8C560-10E9-4EC5-A5B7-0BC485F07453}.Debug|Any CPU.ActiveCfg = Debug|Any CPU
		{4BC8C560-10E9-4EC5-A5B7-0BC485F07453}.Debug|Any CPU.Build.0 = Debug|Any CPU
		{4BC8C560-10E9-4EC5-A5B7-0BC485F07453}.Release|Any CPU.ActiveCfg = Release|Any CPU
		{4BC8C560-10E9-4EC5-A5B7-0BC485F07453}.Release|Any CPU.Build.0 = Release|Any CPU
		{20C5719F-00E1-4014-BE5D-BC27A61D054E}.Debug|Any CPU.ActiveCfg = Debug|Any CPU
		{20C5719F-00E1-4014-BE5D-BC27A61D054E}.Debug|Any CPU.Build.0 = Debug|Any CPU
		{20C5719F-00E1-4014-BE5D-BC27A61D054E}.Release|Any CPU.ActiveCfg = Release|Any CPU
		{20C5719F-00E1-4014-BE5D-BC27A61D054E}.Release|Any CPU.Build.0 = Release|Any CPU
		{5C021D6F-87B1-426A-BA9F-BF0D5194E810}.Debug|Any CPU.ActiveCfg = Debug|Any CPU
		{5C021D6F-87B1-426A-BA9F-BF0D5194E810}.Debug|Any CPU.Build.0 = Debug|Any CPU
		{5C021D6F-87B1-426A-BA9F-BF0D5194E810}.Release|Any CPU.ActiveCfg = Release|Any CPU
		{5C021D6F-87B1-426A-BA9F-BF0D5194E810}.Release|Any CPU.Build.0 = Release|Any CPU
		{E22E25E4-E3A1-4BFE-83C9-0939C1F60860}.Debug|Any CPU.ActiveCfg = Debug|Any CPU
		{E22E25E4-E3A1-4BFE-83C9-0939C1F60860}.Debug|Any CPU.Build.0 = Debug|Any CPU
		{E22E25E4-E3A1-4BFE-83C9-0939C1F60860}.Release|Any CPU.ActiveCfg = Release|Any CPU
		{E22E25E4-E3A1-4BFE-83C9-0939C1F60860}.Release|Any CPU.Build.0 = Release|Any CPU
		{327966FD-859A-46AB-A37E-025EFBF31F49}.Debug|Any CPU.ActiveCfg = Debug|Any CPU
		{327966FD-859A-46AB-A37E-025EFBF31F49}.Debug|Any CPU.Build.0 = Debug|Any CPU
		{327966FD-859A-46AB-A37E-025EFBF31F49}.Release|Any CPU.ActiveCfg = Release|Any CPU
		{327966FD-859A-46AB-A37E-025EFBF31F49}.Release|Any CPU.Build.0 = Release|Any CPU
		{489335D0-1829-4D88-A64B-5A3808C3A019}.Debug|Any CPU.ActiveCfg = Debug|Any CPU
		{489335D0-1829-4D88-A64B-5A3808C3A019}.Debug|Any CPU.Build.0 = Debug|Any CPU
		{489335D0-1829-4D88-A64B-5A3808C3A019}.Release|Any CPU.ActiveCfg = Release|Any CPU
		{489335D0-1829-4D88-A64B-5A3808C3A019}.Release|Any CPU.Build.0 = Release|Any CPU
		{BE8BDEA0-5D8A-4637-918D-8CE8C8B8F546}.Debug|Any CPU.ActiveCfg = Debug|Any CPU
		{BE8BDEA0-5D8A-4637-918D-8CE8C8B8F546}.Debug|Any CPU.Build.0 = Debug|Any CPU
		{BE8BDEA0-5D8A-4637-918D-8CE8C8B8F546}.Release|Any CPU.ActiveCfg = Release|Any CPU
		{BE8BDEA0-5D8A-4637-918D-8CE8C8B8F546}.Release|Any CPU.Build.0 = Release|Any CPU
		{5F3281B1-048E-4634-BBEF-C1CB25E96E90}.Debug|Any CPU.ActiveCfg = Debug|Any CPU
		{5F3281B1-048E-4634-BBEF-C1CB25E96E90}.Debug|Any CPU.Build.0 = Debug|Any CPU
		{5F3281B1-048E-4634-BBEF-C1CB25E96E90}.Release|Any CPU.ActiveCfg = Release|Any CPU
		{5F3281B1-048E-4634-BBEF-C1CB25E96E90}.Release|Any CPU.Build.0 = Release|Any CPU
		{5F018C3A-8F1B-4043-B043-02E62D1C1B2B}.Debug|Any CPU.ActiveCfg = Debug|Any CPU
		{5F018C3A-8F1B-4043-B043-02E62D1C1B2B}.Debug|Any CPU.Build.0 = Debug|Any CPU
		{5F018C3A-8F1B-4043-B043-02E62D1C1B2B}.Release|Any CPU.ActiveCfg = Release|Any CPU
		{5F018C3A-8F1B-4043-B043-02E62D1C1B2B}.Release|Any CPU.Build.0 = Release|Any CPU
		{ECCD3D08-977A-4C24-A6E3-B862991FFF47}.Debug|Any CPU.ActiveCfg = Debug|Any CPU
		{ECCD3D08-977A-4C24-A6E3-B862991FFF47}.Debug|Any CPU.Build.0 = Debug|Any CPU
		{ECCD3D08-977A-4C24-A6E3-B862991FFF47}.Release|Any CPU.ActiveCfg = Release|Any CPU
		{ECCD3D08-977A-4C24-A6E3-B862991FFF47}.Release|Any CPU.Build.0 = Release|Any CPU
		{BF3ECA2E-7B24-45E1-9074-F8C1D097C1D8}.Debug|Any CPU.ActiveCfg = Debug|Any CPU
		{BF3ECA2E-7B24-45E1-9074-F8C1D097C1D8}.Debug|Any CPU.Build.0 = Debug|Any CPU
		{BF3ECA2E-7B24-45E1-9074-F8C1D097C1D8}.Release|Any CPU.ActiveCfg = Release|Any CPU
		{BF3ECA2E-7B24-45E1-9074-F8C1D097C1D8}.Release|Any CPU.Build.0 = Release|Any CPU
		{EDEA7F3F-4162-4E98-B32F-C551FC03B958}.Debug|Any CPU.ActiveCfg = Debug|Any CPU
		{EDEA7F3F-4162-4E98-B32F-C551FC03B958}.Debug|Any CPU.Build.0 = Debug|Any CPU
		{EDEA7F3F-4162-4E98-B32F-C551FC03B958}.Release|Any CPU.ActiveCfg = Release|Any CPU
		{EDEA7F3F-4162-4E98-B32F-C551FC03B958}.Release|Any CPU.Build.0 = Release|Any CPU
		{528C50BB-BC65-4896-8D92-621558FCAA71}.Debug|Any CPU.ActiveCfg = Debug|Any CPU
		{528C50BB-BC65-4896-8D92-621558FCAA71}.Debug|Any CPU.Build.0 = Debug|Any CPU
		{528C50BB-BC65-4896-8D92-621558FCAA71}.Release|Any CPU.ActiveCfg = Release|Any CPU
		{528C50BB-BC65-4896-8D92-621558FCAA71}.Release|Any CPU.Build.0 = Release|Any CPU
		{330DED38-272A-4D83-9C6F-0F5FC4DB5A82}.Debug|Any CPU.ActiveCfg = Debug|Any CPU
		{330DED38-272A-4D83-9C6F-0F5FC4DB5A82}.Debug|Any CPU.Build.0 = Debug|Any CPU
		{330DED38-272A-4D83-9C6F-0F5FC4DB5A82}.Release|Any CPU.ActiveCfg = Release|Any CPU
		{330DED38-272A-4D83-9C6F-0F5FC4DB5A82}.Release|Any CPU.Build.0 = Release|Any CPU
		{FB0B98F5-A3F1-48CA-B12D-32A22CEA14B5}.Debug|Any CPU.ActiveCfg = Debug|Any CPU
		{FB0B98F5-A3F1-48CA-B12D-32A22CEA14B5}.Debug|Any CPU.Build.0 = Debug|Any CPU
		{FB0B98F5-A3F1-48CA-B12D-32A22CEA14B5}.Release|Any CPU.ActiveCfg = Release|Any CPU
		{FB0B98F5-A3F1-48CA-B12D-32A22CEA14B5}.Release|Any CPU.Build.0 = Release|Any CPU
	EndGlobalSection
	GlobalSection(SolutionProperties) = preSolution
		HideSolutionNode = FALSE
	EndGlobalSection
	GlobalSection(NestedProjects) = preSolution
		{AE4B3254-956A-44EB-80F1-DDC4A86B4498} = {C69EC0E0-C05E-4CD2-8610-805288E4B427}
		{18B86144-F81E-46CC-B7DF-AE3EA3455051} = {C69EC0E0-C05E-4CD2-8610-805288E4B427}
		{26E9B75E-D277-4675-95AA-BAE740204258} = {C69EC0E0-C05E-4CD2-8610-805288E4B427}
		{E488F130-1578-41C1-BC17-40A00E204AD3} = {C69EC0E0-C05E-4CD2-8610-805288E4B427}
		{FC4CA17E-69ED-4686-806E-BC5C417FE3AB} = {C69EC0E0-C05E-4CD2-8610-805288E4B427}
		{DE4BC30D-11B0-4317-93D9-D2B2C47A460C} = {BA5AD8DD-B8BD-496B-983E-20907E8BE547}
		{E75BA81B-B665-4F91-B1FE-B981162B930E} = {BA5AD8DD-B8BD-496B-983E-20907E8BE547}
		{87CE6CB5-B5E5-4F81-B968-7DEDE18B9898} = {BA5AD8DD-B8BD-496B-983E-20907E8BE547}
		{E76F8C75-B3C9-4D73-8D1A-D8DD552E5422} = {BA5AD8DD-B8BD-496B-983E-20907E8BE547}
		{0DA9214A-D84F-4C15-AB1D-ACC67B0E60D8} = {BA5AD8DD-B8BD-496B-983E-20907E8BE547}
		{D5A7C037-278C-4A60-AF13-2F7B12D978F5} = {BA5AD8DD-B8BD-496B-983E-20907E8BE547}
		{A718D9FE-CB8F-4C17-ADE1-81CD4C3D6D97} = {BA5AD8DD-B8BD-496B-983E-20907E8BE547}
		{2561EDE4-2038-4D03-AFE6-6A0D116B7A13} = {BA5AD8DD-B8BD-496B-983E-20907E8BE547}
		{05122F4B-6467-4A19-8939-C6F21AA46B41} = {BA5AD8DD-B8BD-496B-983E-20907E8BE547}
		{EA0FB492-19C9-4A9B-BD59-57C5EDA260E3} = {D16A39F5-D401-46A2-A9E2-D27DEE503734}
		{667CB52D-5B06-4651-A4B7-188D4660D66A} = {D16A39F5-D401-46A2-A9E2-D27DEE503734}
		{6F474172-41FA-4955-B385-64D27C74D58F} = {D16A39F5-D401-46A2-A9E2-D27DEE503734}
		{E63AE258-EF00-4894-ACD5-6A6B2CCE16F8} = {D16A39F5-D401-46A2-A9E2-D27DEE503734}
		{87F4BEB6-F906-4D1E-AB9B-B7E197BCA3D9} = {E63AE258-EF00-4894-ACD5-6A6B2CCE16F8}
		{187DEEB2-B89B-4D7F-BD26-B69E9C136F2B} = {E63AE258-EF00-4894-ACD5-6A6B2CCE16F8}
		{6C505C65-40A4-4EBD-953B-2E9B133B6CA3} = {E63AE258-EF00-4894-ACD5-6A6B2CCE16F8}
		{98AA7FBE-FB63-4BE9-82F5-38E1B1295D67} = {BA5AD8DD-B8BD-496B-983E-20907E8BE547}
		{2AE2EC98-3DC0-4A9F-A624-A83E8AC284BA} = {BA5AD8DD-B8BD-496B-983E-20907E8BE547}
		{0196CC82-E3A4-4D00-9664-14550D57591C} = {BA5AD8DD-B8BD-496B-983E-20907E8BE547}
		{190FAE23-B7C0-4C08-958F-D2E45CCE5142} = {BA5AD8DD-B8BD-496B-983E-20907E8BE547}
		{DB0D3AF8-E985-436D-8D92-7C4751CA6AFB} = {BA5AD8DD-B8BD-496B-983E-20907E8BE547}
		{3D47A234-B695-4D87-A9DB-8E2DB7D998FB} = {BA5AD8DD-B8BD-496B-983E-20907E8BE547}
		{36C06244-9476-446C-B90F-F2BB1F729B72} = {BA5AD8DD-B8BD-496B-983E-20907E8BE547}
		{C18D5ED0-3CBB-4E45-9EBA-C464CDA09372} = {BA5AD8DD-B8BD-496B-983E-20907E8BE547}
		{949F91B6-1DB3-4FFC-8561-5DB305DABAFB} = {BA5AD8DD-B8BD-496B-983E-20907E8BE547}
		{BEDEAEE0-3E37-4284-9B9D-A71049A20C5A} = {BA5AD8DD-B8BD-496B-983E-20907E8BE547}
		{9C452740-39DD-46BE-8A49-D51B600119FA} = {BA5AD8DD-B8BD-496B-983E-20907E8BE547}
		{AB67CF2F-2161-4ADA-A17C-C60E2018D937} = {BA5AD8DD-B8BD-496B-983E-20907E8BE547}
		{8C819CB6-966D-4FE2-8201-4444056CECDB} = {BA5AD8DD-B8BD-496B-983E-20907E8BE547}
		{A0FFCDAB-FBB5-4D3D-8554-DBB52ED202BE} = {BA5AD8DD-B8BD-496B-983E-20907E8BE547}
		{8F0DED44-5E00-499F-B093-CFD0EC7EAFB8} = {BA5AD8DD-B8BD-496B-983E-20907E8BE547}
		{C034D1FB-C14B-435A-A6A3-BF7C9A5F2C2B} = {BA5AD8DD-B8BD-496B-983E-20907E8BE547}
		{4BC8C560-10E9-4EC5-A5B7-0BC485F07453} = {BA5AD8DD-B8BD-496B-983E-20907E8BE547}
		{20C5719F-00E1-4014-BE5D-BC27A61D054E} = {BA5AD8DD-B8BD-496B-983E-20907E8BE547}
		{5C021D6F-87B1-426A-BA9F-BF0D5194E810} = {BA5AD8DD-B8BD-496B-983E-20907E8BE547}
		{E22E25E4-E3A1-4BFE-83C9-0939C1F60860} = {BA5AD8DD-B8BD-496B-983E-20907E8BE547}
		{327966FD-859A-46AB-A37E-025EFBF31F49} = {BA5AD8DD-B8BD-496B-983E-20907E8BE547}
		{489335D0-1829-4D88-A64B-5A3808C3A019} = {BA5AD8DD-B8BD-496B-983E-20907E8BE547}
		{BE8BDEA0-5D8A-4637-918D-8CE8C8B8F546} = {BA5AD8DD-B8BD-496B-983E-20907E8BE547}
		{5F3281B1-048E-4634-BBEF-C1CB25E96E90} = {BA5AD8DD-B8BD-496B-983E-20907E8BE547}
		{5F018C3A-8F1B-4043-B043-02E62D1C1B2B} = {BA5AD8DD-B8BD-496B-983E-20907E8BE547}
		{ECCD3D08-977A-4C24-A6E3-B862991FFF47} = {BA5AD8DD-B8BD-496B-983E-20907E8BE547}
		{BF3ECA2E-7B24-45E1-9074-F8C1D097C1D8} = {BA5AD8DD-B8BD-496B-983E-20907E8BE547}
		{EDEA7F3F-4162-4E98-B32F-C551FC03B958} = {BA5AD8DD-B8BD-496B-983E-20907E8BE547}
		{528C50BB-BC65-4896-8D92-621558FCAA71} = {BA5AD8DD-B8BD-496B-983E-20907E8BE547}
		{330DED38-272A-4D83-9C6F-0F5FC4DB5A82} = {BA5AD8DD-B8BD-496B-983E-20907E8BE547}
		{FB0B98F5-A3F1-48CA-B12D-32A22CEA14B5} = {BA5AD8DD-B8BD-496B-983E-20907E8BE547}
	EndGlobalSection
	GlobalSection(ExtensibilityGlobals) = postSolution
		SolutionGuid = {EE6CD887-E359-41E0-9A22-15D2BFFD8EE3}
	EndGlobalSection
EndGlobal
